
Microsoft Visual Studio Solution File, Format Version 12.00
# Visual Studio Version 17
VisualStudioVersion = 17.9.34723.18
MinimumVisualStudioVersion = 10.0.40219.1
Project("{FAE04EC0-301F-11D3-BF4B-00C04F79EFBC}") = "RebecaBarrezueta_APIBurger", "RebecaBarrezueta_APIBurger.csproj", "{482366FF-372B-4605-A60A-56AA245DE720}"
EndProject
Global
	GlobalSection(SolutionConfigurationPlatforms) = preSolution
		Debug|Any CPU = Debug|Any CPU
		Release|Any CPU = Release|Any CPU
	EndGlobalSection
	GlobalSection(ProjectConfigurationPlatforms) = postSolution
		{482366FF-372B-4605-A60A-56AA245DE720}.Debug|Any CPU.ActiveCfg = Debug|Any CPU
		{482366FF-372B-4605-A60A-56AA245DE720}.Debug|Any CPU.Build.0 = Debug|Any CPU
		{482366FF-372B-4605-A60A-56AA245DE720}.Release|Any CPU.ActiveCfg = Release|Any CPU
		{482366FF-372B-4605-A60A-56AA245DE720}.Release|Any CPU.Build.0 = Release|Any CPU
	EndGlobalSection
	GlobalSection(SolutionProperties) = preSolution
		HideSolutionNode = FALSE
	EndGlobalSection
	GlobalSection(ExtensibilityGlobals) = postSolution
		SolutionGuid = {84752E6A-015C-49F7-A612-B707D12DDA40}
	EndGlobalSection
EndGlobal
